// !$*UTF8*$!
{
	archiveVersion = 1;
	classes = {
	};
	objectVersion = 51;
	objects = {

/* Begin PBXBuildFile section */
		8579269D2370AF0B0063332D /* AppDelegate.swift in Sources */ = {isa = PBXBuildFile; fileRef = 8579269C2370AF0B0063332D /* AppDelegate.swift */; };
		8579269F2370AF0B0063332D /* SceneDelegate.swift in Sources */ = {isa = PBXBuildFile; fileRef = 8579269E2370AF0B0063332D /* SceneDelegate.swift */; };
		857926A12370AF0B0063332D /* MapViewController.swift in Sources */ = {isa = PBXBuildFile; fileRef = 857926A02370AF0B0063332D /* MapViewController.swift */; };
		857926A62370AF100063332D /* Assets.xcassets in Resources */ = {isa = PBXBuildFile; fileRef = 857926A52370AF100063332D /* Assets.xcassets */; };
		857926A92370AF100063332D /* LaunchScreen.storyboard in Resources */ = {isa = PBXBuildFile; fileRef = 857926A72370AF100063332D /* LaunchScreen.storyboard */; };
		857926B42370AF110063332D /* FourSquare_Map_ProjectTests.swift in Sources */ = {isa = PBXBuildFile; fileRef = 857926B32370AF110063332D /* FourSquare_Map_ProjectTests.swift */; };
		857926BF2370BA220063332D /* Secrets.swift in Sources */ = {isa = PBXBuildFile; fileRef = 857926BE2370BA220063332D /* Secrets.swift */; };
		857926CA2370BB800063332D /* NetworkHelper.swift in Sources */ = {isa = PBXBuildFile; fileRef = 857926C32370BB800063332D /* NetworkHelper.swift */; };
		857926CB2370BB800063332D /* AppError.swift in Sources */ = {isa = PBXBuildFile; fileRef = 857926C42370BB800063332D /* AppError.swift */; };
		857926CD2370BB800063332D /* PersistenceHelper.swift in Sources */ = {isa = PBXBuildFile; fileRef = 857926C62370BB800063332D /* PersistenceHelper.swift */; };
		857926CE2370BB800063332D /* ImageHelper.swift in Sources */ = {isa = PBXBuildFile; fileRef = 857926C72370BB800063332D /* ImageHelper.swift */; };
		857926D02370BBED0063332D /* VenueModel.swift in Sources */ = {isa = PBXBuildFile; fileRef = 857926CF2370BBED0063332D /* VenueModel.swift */; };
		857926D22370BFAF0063332D /* FourSquareAPIClient.swift in Sources */ = {isa = PBXBuildFile; fileRef = 857926D12370BFAF0063332D /* FourSquareAPIClient.swift */; };
		857926D62370D6620063332D /* MapCollectionViewCell.swift in Sources */ = {isa = PBXBuildFile; fileRef = 857926D52370D6610063332D /* MapCollectionViewCell.swift */; };
		857926D82370E3DD0063332D /* CollectionsViewController.swift in Sources */ = {isa = PBXBuildFile; fileRef = 857926D72370E3DD0063332D /* CollectionsViewController.swift */; };
		857926DD237116830063332D /* ResultListViewController.swift in Sources */ = {isa = PBXBuildFile; fileRef = 857926DC237116830063332D /* ResultListViewController.swift */; };
		857926DF2371CD820063332D /* ResultListTableViewCell.swift in Sources */ = {isa = PBXBuildFile; fileRef = 857926DE2371CD820063332D /* ResultListTableViewCell.swift */; };
		857926E323724CBA0063332D /* DetailedViewController.swift in Sources */ = {isa = PBXBuildFile; fileRef = 857926E223724CBA0063332D /* DetailedViewController.swift */; };
		857926E523733AB40063332D /* CustomLayer.swift in Sources */ = {isa = PBXBuildFile; fileRef = 857926E423733AB20063332D /* CustomLayer.swift */; };
		857926E82374A36B0063332D /* PhotoModel.swift in Sources */ = {isa = PBXBuildFile; fileRef = 857926E72374A36B0063332D /* PhotoModel.swift */; };
		857926EC237758F30063332D /* VenueCollectionViewController.swift in Sources */ = {isa = PBXBuildFile; fileRef = 857926EB237758F20063332D /* VenueCollectionViewController.swift */; };
		916455C936D082268CE5BDFE /* Pods_FourSquare_Map_Project.framework in Frameworks */ = {isa = PBXBuildFile; fileRef = 5E97296F280CC534B61BE350 /* Pods_FourSquare_Map_Project.framework */; };
/* End PBXBuildFile section */

/* Begin PBXContainerItemProxy section */
		857926B02370AF110063332D /* PBXContainerItemProxy */ = {
			isa = PBXContainerItemProxy;
			containerPortal = 857926912370AF0B0063332D /* Project object */;
			proxyType = 1;
			remoteGlobalIDString = 857926982370AF0B0063332D;
			remoteInfo = "FourSquare-Map_Project";
		};
/* End PBXContainerItemProxy section */

/* Begin PBXFileReference section */
		451C238C305DE287D5473D60 /* Pods-FourSquare-Map_Project.debug.xcconfig */ = {isa = PBXFileReference; includeInIndex = 1; lastKnownFileType = text.xcconfig; name = "Pods-FourSquare-Map_Project.debug.xcconfig"; path = "Target Support Files/Pods-FourSquare-Map_Project/Pods-FourSquare-Map_Project.debug.xcconfig"; sourceTree = "<group>"; };
		4D53AC93C7BD37D5AB012E1D /* Pods-FourSquare-Map_Project.release.xcconfig */ = {isa = PBXFileReference; includeInIndex = 1; lastKnownFileType = text.xcconfig; name = "Pods-FourSquare-Map_Project.release.xcconfig"; path = "Target Support Files/Pods-FourSquare-Map_Project/Pods-FourSquare-Map_Project.release.xcconfig"; sourceTree = "<group>"; };
		5E97296F280CC534B61BE350 /* Pods_FourSquare_Map_Project.framework */ = {isa = PBXFileReference; explicitFileType = wrapper.framework; includeInIndex = 0; path = Pods_FourSquare_Map_Project.framework; sourceTree = BUILT_PRODUCTS_DIR; };
		857926992370AF0B0063332D /* FourSquare-Map_Project.app */ = {isa = PBXFileReference; explicitFileType = wrapper.application; includeInIndex = 0; path = "FourSquare-Map_Project.app"; sourceTree = BUILT_PRODUCTS_DIR; };
		8579269C2370AF0B0063332D /* AppDelegate.swift */ = {isa = PBXFileReference; lastKnownFileType = sourcecode.swift; path = AppDelegate.swift; sourceTree = "<group>"; };
		8579269E2370AF0B0063332D /* SceneDelegate.swift */ = {isa = PBXFileReference; lastKnownFileType = sourcecode.swift; path = SceneDelegate.swift; sourceTree = "<group>"; };
		857926A02370AF0B0063332D /* MapViewController.swift */ = {isa = PBXFileReference; lastKnownFileType = sourcecode.swift; path = MapViewController.swift; sourceTree = "<group>"; };
		857926A52370AF100063332D /* Assets.xcassets */ = {isa = PBXFileReference; lastKnownFileType = folder.assetcatalog; path = Assets.xcassets; sourceTree = "<group>"; };
		857926A82370AF100063332D /* Base */ = {isa = PBXFileReference; lastKnownFileType = file.storyboard; name = Base; path = Base.lproj/LaunchScreen.storyboard; sourceTree = "<group>"; };
		857926AA2370AF100063332D /* Info.plist */ = {isa = PBXFileReference; lastKnownFileType = text.plist.xml; path = Info.plist; sourceTree = "<group>"; };
		857926AF2370AF110063332D /* FourSquare-Map_ProjectTests.xctest */ = {isa = PBXFileReference; explicitFileType = wrapper.cfbundle; includeInIndex = 0; path = "FourSquare-Map_ProjectTests.xctest"; sourceTree = BUILT_PRODUCTS_DIR; };
		857926B32370AF110063332D /* FourSquare_Map_ProjectTests.swift */ = {isa = PBXFileReference; lastKnownFileType = sourcecode.swift; path = FourSquare_Map_ProjectTests.swift; sourceTree = "<group>"; };
		857926B52370AF110063332D /* Info.plist */ = {isa = PBXFileReference; lastKnownFileType = text.plist.xml; path = Info.plist; sourceTree = "<group>"; };
		857926BE2370BA220063332D /* Secrets.swift */ = {isa = PBXFileReference; lastKnownFileType = sourcecode.swift; path = Secrets.swift; sourceTree = "<group>"; };
		857926C32370BB800063332D /* NetworkHelper.swift */ = {isa = PBXFileReference; fileEncoding = 4; lastKnownFileType = sourcecode.swift; path = NetworkHelper.swift; sourceTree = "<group>"; };
		857926C42370BB800063332D /* AppError.swift */ = {isa = PBXFileReference; fileEncoding = 4; lastKnownFileType = sourcecode.swift; path = AppError.swift; sourceTree = "<group>"; };
		857926C62370BB800063332D /* PersistenceHelper.swift */ = {isa = PBXFileReference; fileEncoding = 4; lastKnownFileType = sourcecode.swift; path = PersistenceHelper.swift; sourceTree = "<group>"; };
		857926C72370BB800063332D /* ImageHelper.swift */ = {isa = PBXFileReference; fileEncoding = 4; lastKnownFileType = sourcecode.swift; path = ImageHelper.swift; sourceTree = "<group>"; };
		857926CF2370BBED0063332D /* VenueModel.swift */ = {isa = PBXFileReference; lastKnownFileType = sourcecode.swift; path = VenueModel.swift; sourceTree = "<group>"; };
		857926D12370BFAF0063332D /* FourSquareAPIClient.swift */ = {isa = PBXFileReference; lastKnownFileType = sourcecode.swift; path = FourSquareAPIClient.swift; sourceTree = "<group>"; };
		857926D52370D6610063332D /* MapCollectionViewCell.swift */ = {isa = PBXFileReference; lastKnownFileType = sourcecode.swift; path = MapCollectionViewCell.swift; sourceTree = "<group>"; };
		857926D72370E3DD0063332D /* CollectionsViewController.swift */ = {isa = PBXFileReference; lastKnownFileType = sourcecode.swift; path = CollectionsViewController.swift; sourceTree = "<group>"; };
		857926DC237116830063332D /* ResultListViewController.swift */ = {isa = PBXFileReference; lastKnownFileType = sourcecode.swift; path = ResultListViewController.swift; sourceTree = "<group>"; };
		857926DE2371CD820063332D /* ResultListTableViewCell.swift */ = {isa = PBXFileReference; lastKnownFileType = sourcecode.swift; path = ResultListTableViewCell.swift; sourceTree = "<group>"; };
		857926E223724CBA0063332D /* DetailedViewController.swift */ = {isa = PBXFileReference; lastKnownFileType = sourcecode.swift; path = DetailedViewController.swift; sourceTree = "<group>"; };
		857926E423733AB20063332D /* CustomLayer.swift */ = {isa = PBXFileReference; fileEncoding = 4; lastKnownFileType = sourcecode.swift; path = CustomLayer.swift; sourceTree = "<group>"; };
		857926E72374A36B0063332D /* PhotoModel.swift */ = {isa = PBXFileReference; lastKnownFileType = sourcecode.swift; path = PhotoModel.swift; sourceTree = "<group>"; };
		857926EB237758F20063332D /* VenueCollectionViewController.swift */ = {isa = PBXFileReference; lastKnownFileType = sourcecode.swift; path = VenueCollectionViewController.swift; sourceTree = "<group>"; };
/* End PBXFileReference section */

/* Begin PBXFrameworksBuildPhase section */
		857926962370AF0B0063332D /* Frameworks */ = {
			isa = PBXFrameworksBuildPhase;
			buildActionMask = 2147483647;
			files = (
				916455C936D082268CE5BDFE /* Pods_FourSquare_Map_Project.framework in Frameworks */,
			);
			runOnlyForDeploymentPostprocessing = 0;
		};
		857926AC2370AF110063332D /* Frameworks */ = {
			isa = PBXFrameworksBuildPhase;
			buildActionMask = 2147483647;
			files = (
			);
			runOnlyForDeploymentPostprocessing = 0;
		};
/* End PBXFrameworksBuildPhase section */

/* Begin PBXGroup section */
		168EE3C013B6961672128CDF /* Pods */ = {
			isa = PBXGroup;
			children = (
				451C238C305DE287D5473D60 /* Pods-FourSquare-Map_Project.debug.xcconfig */,
				4D53AC93C7BD37D5AB012E1D /* Pods-FourSquare-Map_Project.release.xcconfig */,
			);
			path = Pods;
			sourceTree = "<group>";
		};
		17710DB40B1ED059F3FCC804 /* Frameworks */ = {
			isa = PBXGroup;
			children = (
				5E97296F280CC534B61BE350 /* Pods_FourSquare_Map_Project.framework */,
			);
			name = Frameworks;
			sourceTree = "<group>";
		};
		857926902370AF0B0063332D = {
			isa = PBXGroup;
			children = (
				857926BE2370BA220063332D /* Secrets.swift */,
				857926DA2371155A0063332D /* View */,
				857926D9237115240063332D /* View Controllers */,
				857926DB2371156C0063332D /* Models */,
				857926C02370BB800063332D /* Network Files */,
				857926E623733ABC0063332D /* Custom Extensions */,
				8579269B2370AF0B0063332D /* FourSquare-Map_Project */,
				857926B22370AF110063332D /* FourSquare-Map_ProjectTests */,
				8579269A2370AF0B0063332D /* Products */,
				168EE3C013B6961672128CDF /* Pods */,
				17710DB40B1ED059F3FCC804 /* Frameworks */,
			);
			sourceTree = "<group>";
		};
		8579269A2370AF0B0063332D /* Products */ = {
			isa = PBXGroup;
			children = (
				857926992370AF0B0063332D /* FourSquare-Map_Project.app */,
				857926AF2370AF110063332D /* FourSquare-Map_ProjectTests.xctest */,
			);
			name = Products;
			sourceTree = "<group>";
		};
		8579269B2370AF0B0063332D /* FourSquare-Map_Project */ = {
			isa = PBXGroup;
			children = (
				8579269C2370AF0B0063332D /* AppDelegate.swift */,
				8579269E2370AF0B0063332D /* SceneDelegate.swift */,
				857926A52370AF100063332D /* Assets.xcassets */,
				857926A72370AF100063332D /* LaunchScreen.storyboard */,
				857926AA2370AF100063332D /* Info.plist */,
			);
			path = "FourSquare-Map_Project";
			sourceTree = "<group>";
		};
		857926B22370AF110063332D /* FourSquare-Map_ProjectTests */ = {
			isa = PBXGroup;
			children = (
				857926B32370AF110063332D /* FourSquare_Map_ProjectTests.swift */,
				857926B52370AF110063332D /* Info.plist */,
			);
			path = "FourSquare-Map_ProjectTests";
			sourceTree = "<group>";
		};
		857926C02370BB800063332D /* Network Files */ = {
			isa = PBXGroup;
			children = (
				857926C32370BB800063332D /* NetworkHelper.swift */,
				857926C42370BB800063332D /* AppError.swift */,
				857926D12370BFAF0063332D /* FourSquareAPIClient.swift */,
				857926C62370BB800063332D /* PersistenceHelper.swift */,
				857926C72370BB800063332D /* ImageHelper.swift */,
			);
			path = "Network Files";
			sourceTree = "<group>";
		};
		857926D9237115240063332D /* View Controllers */ = {
			isa = PBXGroup;
			children = (
				857926A02370AF0B0063332D /* MapViewController.swift */,
				857926D72370E3DD0063332D /* CollectionsViewController.swift */,
				857926DC237116830063332D /* ResultListViewController.swift */,
				857926EB237758F20063332D /* VenueCollectionViewController.swift */,
				857926E223724CBA0063332D /* DetailedViewController.swift */,
			);
			path = "View Controllers";
			sourceTree = "<group>";
		};
		857926DA2371155A0063332D /* View */ = {
			isa = PBXGroup;
			children = (
				857926D52370D6610063332D /* MapCollectionViewCell.swift */,
				857926DE2371CD820063332D /* ResultListTableViewCell.swift */,
			);
			path = View;
			sourceTree = "<group>";
		};
		857926DB2371156C0063332D /* Models */ = {
			isa = PBXGroup;
			children = (
				857926CF2370BBED0063332D /* VenueModel.swift */,
				857926E72374A36B0063332D /* PhotoModel.swift */,
			);
			path = Models;
			sourceTree = "<group>";
		};
		857926E623733ABC0063332D /* Custom Extensions */ = {
			isa = PBXGroup;
			children = (
				857926E423733AB20063332D /* CustomLayer.swift */,
			);
			path = "Custom Extensions";
			sourceTree = "<group>";
		};
/* End PBXGroup section */

/* Begin PBXNativeTarget section */
		857926982370AF0B0063332D /* FourSquare-Map_Project */ = {
			isa = PBXNativeTarget;
			buildConfigurationList = 857926B82370AF110063332D /* Build configuration list for PBXNativeTarget "FourSquare-Map_Project" */;
			buildPhases = (
				12A414AC81385CFF00588B4C /* [CP] Check Pods Manifest.lock */,
				857926952370AF0B0063332D /* Sources */,
				857926962370AF0B0063332D /* Frameworks */,
				857926972370AF0B0063332D /* Resources */,
				590A4FBC21A619905119CB7A /* [CP] Embed Pods Frameworks */,
			);
			buildRules = (
			);
			dependencies = (
			);
			name = "FourSquare-Map_Project";
			productName = "FourSquare-Map_Project";
			productReference = 857926992370AF0B0063332D /* FourSquare-Map_Project.app */;
			productType = "com.apple.product-type.application";
		};
		857926AE2370AF110063332D /* FourSquare-Map_ProjectTests */ = {
			isa = PBXNativeTarget;
			buildConfigurationList = 857926BB2370AF110063332D /* Build configuration list for PBXNativeTarget "FourSquare-Map_ProjectTests" */;
			buildPhases = (
				857926AB2370AF110063332D /* Sources */,
				857926AC2370AF110063332D /* Frameworks */,
				857926AD2370AF110063332D /* Resources */,
			);
			buildRules = (
			);
			dependencies = (
				857926B12370AF110063332D /* PBXTargetDependency */,
			);
			name = "FourSquare-Map_ProjectTests";
			productName = "FourSquare-Map_ProjectTests";
			productReference = 857926AF2370AF110063332D /* FourSquare-Map_ProjectTests.xctest */;
			productType = "com.apple.product-type.bundle.unit-test";
		};
/* End PBXNativeTarget section */

/* Begin PBXProject section */
		857926912370AF0B0063332D /* Project object */ = {
			isa = PBXProject;
			attributes = {
				LastSwiftUpdateCheck = 1110;
				LastUpgradeCheck = 1110;
				ORGANIZATIONNAME = "Mr Wonderful";
				TargetAttributes = {
					857926982370AF0B0063332D = {
						CreatedOnToolsVersion = 11.1;
					};
					857926AE2370AF110063332D = {
						CreatedOnToolsVersion = 11.1;
						TestTargetID = 857926982370AF0B0063332D;
					};
				};
			};
			buildConfigurationList = 857926942370AF0B0063332D /* Build configuration list for PBXProject "FourSquare-Map_Project" */;
			compatibilityVersion = "Xcode 9.3";
			developmentRegion = en;
			hasScannedForEncodings = 0;
			knownRegions = (
				en,
				Base,
			);
			mainGroup = 857926902370AF0B0063332D;
			productRefGroup = 8579269A2370AF0B0063332D /* Products */;
			projectDirPath = "";
			projectRoot = "";
			targets = (
				857926982370AF0B0063332D /* FourSquare-Map_Project */,
				857926AE2370AF110063332D /* FourSquare-Map_ProjectTests */,
			);
		};
/* End PBXProject section */

/* Begin PBXResourcesBuildPhase section */
		857926972370AF0B0063332D /* Resources */ = {
			isa = PBXResourcesBuildPhase;
			buildActionMask = 2147483647;
			files = (
				857926A92370AF100063332D /* LaunchScreen.storyboard in Resources */,
				857926A62370AF100063332D /* Assets.xcassets in Resources */,
			);
			runOnlyForDeploymentPostprocessing = 0;
		};
		857926AD2370AF110063332D /* Resources */ = {
			isa = PBXResourcesBuildPhase;
			buildActionMask = 2147483647;
			files = (
			);
			runOnlyForDeploymentPostprocessing = 0;
		};
/* End PBXResourcesBuildPhase section */

/* Begin PBXShellScriptBuildPhase section */
		12A414AC81385CFF00588B4C /* [CP] Check Pods Manifest.lock */ = {
			isa = PBXShellScriptBuildPhase;
			buildActionMask = 2147483647;
			files = (
			);
			inputFileListPaths = (
			);
			inputPaths = (
				"${PODS_PODFILE_DIR_PATH}/Podfile.lock",
				"${PODS_ROOT}/Manifest.lock",
			);
			name = "[CP] Check Pods Manifest.lock";
			outputFileListPaths = (
			);
			outputPaths = (
				"$(DERIVED_FILE_DIR)/Pods-FourSquare-Map_Project-checkManifestLockResult.txt",
			);
			runOnlyForDeploymentPostprocessing = 0;
			shellPath = /bin/sh;
			shellScript = "diff \"${PODS_PODFILE_DIR_PATH}/Podfile.lock\" \"${PODS_ROOT}/Manifest.lock\" > /dev/null\nif [ $? != 0 ] ; then\n    # print error to STDERR\n    echo \"error: The sandbox is not in sync with the Podfile.lock. Run 'pod install' or update your CocoaPods installation.\" >&2\n    exit 1\nfi\n# This output is used by Xcode 'outputs' to avoid re-running this script phase.\necho \"SUCCESS\" > \"${SCRIPT_OUTPUT_FILE_0}\"\n";
			showEnvVarsInLog = 0;
		};
		590A4FBC21A619905119CB7A /* [CP] Embed Pods Frameworks */ = {
			isa = PBXShellScriptBuildPhase;
			buildActionMask = 2147483647;
			files = (
			);
			inputFileListPaths = (
				"${PODS_ROOT}/Target Support Files/Pods-FourSquare-Map_Project/Pods-FourSquare-Map_Project-frameworks-${CONFIGURATION}-input-files.xcfilelist",
			);
			name = "[CP] Embed Pods Frameworks";
			outputFileListPaths = (
				"${PODS_ROOT}/Target Support Files/Pods-FourSquare-Map_Project/Pods-FourSquare-Map_Project-frameworks-${CONFIGURATION}-output-files.xcfilelist",
			);
			runOnlyForDeploymentPostprocessing = 0;
			shellPath = /bin/sh;
			shellScript = "\"${PODS_ROOT}/Target Support Files/Pods-FourSquare-Map_Project/Pods-FourSquare-Map_Project-frameworks.sh\"\n";
			showEnvVarsInLog = 0;
		};
/* End PBXShellScriptBuildPhase section */

/* Begin PBXSourcesBuildPhase section */
		857926952370AF0B0063332D /* Sources */ = {
			isa = PBXSourcesBuildPhase;
			buildActionMask = 2147483647;
			files = (
				857926D82370E3DD0063332D /* CollectionsViewController.swift in Sources */,
				857926D22370BFAF0063332D /* FourSquareAPIClient.swift in Sources */,
				857926E323724CBA0063332D /* DetailedViewController.swift in Sources */,
				857926CA2370BB800063332D /* NetworkHelper.swift in Sources */,
				857926E523733AB40063332D /* CustomLayer.swift in Sources */,
				857926CD2370BB800063332D /* PersistenceHelper.swift in Sources */,
				857926EC237758F30063332D /* VenueCollectionViewController.swift in Sources */,
				857926D62370D6620063332D /* MapCollectionViewCell.swift in Sources */,
				857926A12370AF0B0063332D /* MapViewController.swift in Sources */,
				857926DF2371CD820063332D /* ResultListTableViewCell.swift in Sources */,
				857926CB2370BB800063332D /* AppError.swift in Sources */,
				857926DD237116830063332D /* ResultListViewController.swift in Sources */,
				857926BF2370BA220063332D /* Secrets.swift in Sources */,
				857926D02370BBED0063332D /* VenueModel.swift in Sources */,
				857926E82374A36B0063332D /* PhotoModel.swift in Sources */,
				8579269D2370AF0B0063332D /* AppDelegate.swift in Sources */,
				8579269F2370AF0B0063332D /* SceneDelegate.swift in Sources */,
				857926CE2370BB800063332D /* ImageHelper.swift in Sources */,
			);
			runOnlyForDeploymentPostprocessing = 0;
		};
		857926AB2370AF110063332D /* Sources */ = {
			isa = PBXSourcesBuildPhase;
			buildActionMask = 2147483647;
			files = (
				857926B42370AF110063332D /* FourSquare_Map_ProjectTests.swift in Sources */,
			);
			runOnlyForDeploymentPostprocessing = 0;
		};
/* End PBXSourcesBuildPhase section */

/* Begin PBXTargetDependency section */
		857926B12370AF110063332D /* PBXTargetDependency */ = {
			isa = PBXTargetDependency;
			target = 857926982370AF0B0063332D /* FourSquare-Map_Project */;
			targetProxy = 857926B02370AF110063332D /* PBXContainerItemProxy */;
		};
/* End PBXTargetDependency section */

/* Begin PBXVariantGroup section */
		857926A72370AF100063332D /* LaunchScreen.storyboard */ = {
			isa = PBXVariantGroup;
			children = (
				857926A82370AF100063332D /* Base */,
			);
			name = LaunchScreen.storyboard;
			sourceTree = "<group>";
		};
/* End PBXVariantGroup section */

/* Begin XCBuildConfiguration section */
		857926B62370AF110063332D /* Debug */ = {
			isa = XCBuildConfiguration;
			buildSettings = {
				ALWAYS_SEARCH_USER_PATHS = NO;
				CLANG_ANALYZER_NONNULL = YES;
				CLANG_ANALYZER_NUMBER_OBJECT_CONVERSION = YES_AGGRESSIVE;
				CLANG_CXX_LANGUAGE_STANDARD = "gnu++14";
				CLANG_CXX_LIBRARY = "libc++";
				CLANG_ENABLE_MODULES = YES;
				CLANG_ENABLE_OBJC_ARC = YES;
				CLANG_ENABLE_OBJC_WEAK = YES;
				CLANG_WARN_BLOCK_CAPTURE_AUTORELEASING = YES;
				CLANG_WARN_BOOL_CONVERSION = YES;
				CLANG_WARN_COMMA = YES;
				CLANG_WARN_CONSTANT_CONVERSION = YES;
				CLANG_WARN_DEPRECATED_OBJC_IMPLEMENTATIONS = YES;
				CLANG_WARN_DIRECT_OBJC_ISA_USAGE = YES_ERROR;
				CLANG_WARN_DOCUMENTATION_COMMENTS = YES;
				CLANG_WARN_EMPTY_BODY = YES;
				CLANG_WARN_ENUM_CONVERSION = YES;
				CLANG_WARN_INFINITE_RECURSION = YES;
				CLANG_WARN_INT_CONVERSION = YES;
				CLANG_WARN_NON_LITERAL_NULL_CONVERSION = YES;
				CLANG_WARN_OBJC_IMPLICIT_RETAIN_SELF = YES;
				CLANG_WARN_OBJC_LITERAL_CONVERSION = YES;
				CLANG_WARN_OBJC_ROOT_CLASS = YES_ERROR;
				CLANG_WARN_RANGE_LOOP_ANALYSIS = YES;
				CLANG_WARN_STRICT_PROTOTYPES = YES;
				CLANG_WARN_SUSPICIOUS_MOVE = YES;
				CLANG_WARN_UNGUARDED_AVAILABILITY = YES_AGGRESSIVE;
				CLANG_WARN_UNREACHABLE_CODE = YES;
				CLANG_WARN__DUPLICATE_METHOD_MATCH = YES;
				COPY_PHASE_STRIP = NO;
				DEBUG_INFORMATION_FORMAT = dwarf;
				ENABLE_STRICT_OBJC_MSGSEND = YES;
				ENABLE_TESTABILITY = YES;
				GCC_C_LANGUAGE_STANDARD = gnu11;
				GCC_DYNAMIC_NO_PIC = NO;
				GCC_NO_COMMON_BLOCKS = YES;
				GCC_OPTIMIZATION_LEVEL = 0;
				GCC_PREPROCESSOR_DEFINITIONS = (
					"DEBUG=1",
					"$(inherited)",
				);
				GCC_WARN_64_TO_32_BIT_CONVERSION = YES;
				GCC_WARN_ABOUT_RETURN_TYPE = YES_ERROR;
				GCC_WARN_UNDECLARED_SELECTOR = YES;
				GCC_WARN_UNINITIALIZED_AUTOS = YES_AGGRESSIVE;
				GCC_WARN_UNUSED_FUNCTION = YES;
				GCC_WARN_UNUSED_VARIABLE = YES;
				IPHONEOS_DEPLOYMENT_TARGET = 13.1;
				MTL_ENABLE_DEBUG_INFO = INCLUDE_SOURCE;
				MTL_FAST_MATH = YES;
				ONLY_ACTIVE_ARCH = YES;
				SDKROOT = iphoneos;
				SWIFT_ACTIVE_COMPILATION_CONDITIONS = DEBUG;
				SWIFT_OPTIMIZATION_LEVEL = "-Onone";
			};
			name = Debug;
		};
		857926B72370AF110063332D /* Release */ = {
			isa = XCBuildConfiguration;
			buildSettings = {
				ALWAYS_SEARCH_USER_PATHS = NO;
				CLANG_ANALYZER_NONNULL = YES;
				CLANG_ANALYZER_NUMBER_OBJECT_CONVERSION = YES_AGGRESSIVE;
				CLANG_CXX_LANGUAGE_STANDARD = "gnu++14";
				CLANG_CXX_LIBRARY = "libc++";
				CLANG_ENABLE_MODULES = YES;
				CLANG_ENABLE_OBJC_ARC = YES;
				CLANG_ENABLE_OBJC_WEAK = YES;
				CLANG_WARN_BLOCK_CAPTURE_AUTORELEASING = YES;
				CLANG_WARN_BOOL_CONVERSION = YES;
				CLANG_WARN_COMMA = YES;
				CLANG_WARN_CONSTANT_CONVERSION = YES;
				CLANG_WARN_DEPRECATED_OBJC_IMPLEMENTATIONS = YES;
				CLANG_WARN_DIRECT_OBJC_ISA_USAGE = YES_ERROR;
				CLANG_WARN_DOCUMENTATION_COMMENTS = YES;
				CLANG_WARN_EMPTY_BODY = YES;
				CLANG_WARN_ENUM_CONVERSION = YES;
				CLANG_WARN_INFINITE_RECURSION = YES;
				CLANG_WARN_INT_CONVERSION = YES;
				CLANG_WARN_NON_LITERAL_NULL_CONVERSION = YES;
				CLANG_WARN_OBJC_IMPLICIT_RETAIN_SELF = YES;
				CLANG_WARN_OBJC_LITERAL_CONVERSION = YES;
				CLANG_WARN_OBJC_ROOT_CLASS = YES_ERROR;
				CLANG_WARN_RANGE_LOOP_ANALYSIS = YES;
				CLANG_WARN_STRICT_PROTOTYPES = YES;
				CLANG_WARN_SUSPICIOUS_MOVE = YES;
				CLANG_WARN_UNGUARDED_AVAILABILITY = YES_AGGRESSIVE;
				CLANG_WARN_UNREACHABLE_CODE = YES;
				CLANG_WARN__DUPLICATE_METHOD_MATCH = YES;
				COPY_PHASE_STRIP = NO;
				DEBUG_INFORMATION_FORMAT = "dwarf-with-dsym";
				ENABLE_NS_ASSERTIONS = NO;
				ENABLE_STRICT_OBJC_MSGSEND = YES;
				GCC_C_LANGUAGE_STANDARD = gnu11;
				GCC_NO_COMMON_BLOCKS = YES;
				GCC_WARN_64_TO_32_BIT_CONVERSION = YES;
				GCC_WARN_ABOUT_RETURN_TYPE = YES_ERROR;
				GCC_WARN_UNDECLARED_SELECTOR = YES;
				GCC_WARN_UNINITIALIZED_AUTOS = YES_AGGRESSIVE;
				GCC_WARN_UNUSED_FUNCTION = YES;
				GCC_WARN_UNUSED_VARIABLE = YES;
				IPHONEOS_DEPLOYMENT_TARGET = 13.1;
				MTL_ENABLE_DEBUG_INFO = NO;
				MTL_FAST_MATH = YES;
				SDKROOT = iphoneos;
				SWIFT_COMPILATION_MODE = wholemodule;
				SWIFT_OPTIMIZATION_LEVEL = "-O";
				VALIDATE_PRODUCT = YES;
			};
			name = Release;
		};
		857926B92370AF110063332D /* Debug */ = {
			isa = XCBuildConfiguration;
			baseConfigurationReference = 451C238C305DE287D5473D60 /* Pods-FourSquare-Map_Project.debug.xcconfig */;
			buildSettings = {
				ASSETCATALOG_COMPILER_APPICON_NAME = AppIcon;
				CODE_SIGN_STYLE = Automatic;
				INFOPLIST_FILE = "FourSquare-Map_Project/Info.plist";
				LD_RUNPATH_SEARCH_PATHS = (
					"$(inherited)",
					"@executable_path/Frameworks",
				);
				PRODUCT_BUNDLE_IDENTIFIER = "myApps.FourSquare-Map-Project";
				PRODUCT_NAME = "$(TARGET_NAME)";
				SWIFT_VERSION = 5.0;
				TARGETED_DEVICE_FAMILY = "1,2";
			};
			name = Debug;
		};
		857926BA2370AF110063332D /* Release */ = {
			isa = XCBuildConfiguration;
			baseConfigurationReference = 4D53AC93C7BD37D5AB012E1D /* Pods-FourSquare-Map_Project.release.xcconfig */;
			buildSettings = {
				ASSETCATALOG_COMPILER_APPICON_NAME = AppIcon;
				CODE_SIGN_STYLE = Automatic;
				INFOPLIST_FILE = "FourSquare-Map_Project/Info.plist";
				LD_RUNPATH_SEARCH_PATHS = (
					"$(inherited)",
					"@executable_path/Frameworks",
				);
				PRODUCT_BUNDLE_IDENTIFIER = "myApps.FourSquare-Map-Project";
				PRODUCT_NAME = "$(TARGET_NAME)";
				SWIFT_VERSION = 5.0;
				TARGETED_DEVICE_FAMILY = "1,2";
			};
			name = Release;
		};
		857926BC2370AF110063332D /* Debug */ = {
			isa = XCBuildConfiguration;
			buildSettings = {
				ALWAYS_EMBED_SWIFT_STANDARD_LIBRARIES = YES;
				BUNDLE_LOADER = "$(TEST_HOST)";
				CODE_SIGN_STYLE = Automatic;
				INFOPLIST_FILE = "FourSquare-Map_ProjectTests/Info.plist";
				IPHONEOS_DEPLOYMENT_TARGET = 13.1;
				LD_RUNPATH_SEARCH_PATHS = (
					"$(inherited)",
					"@executable_path/Frameworks",
					"@loader_path/Frameworks",
				);
				PRODUCT_BUNDLE_IDENTIFIER = "myApps.FourSquare-Map-ProjectTests";
				PRODUCT_NAME = "$(TARGET_NAME)";
				SWIFT_VERSION = 5.0;
				TARGETED_DEVICE_FAMILY = "1,2";
				TEST_HOST = "$(BUILT_PRODUCTS_DIR)/FourSquare-Map_Project.app/FourSquare-Map_Project";
			};
			name = Debug;
		};
		857926BD2370AF110063332D /* Release */ = {
			isa = XCBuildConfiguration;
			buildSettings = {
				ALWAYS_EMBED_SWIFT_STANDARD_LIBRARIES = YES;
				BUNDLE_LOADER = "$(TEST_HOST)";
				CODE_SIGN_STYLE = Automatic;
				INFOPLIST_FILE = "FourSquare-Map_ProjectTests/Info.plist";
				IPHONEOS_DEPLOYMENT_TARGET = 13.1;
				LD_RUNPATH_SEARCH_PATHS = (
					"$(inherited)",
					"@executable_path/Frameworks",
					"@loader_path/Frameworks",
				);
				PRODUCT_BUNDLE_IDENTIFIER = "myApps.FourSquare-Map-ProjectTests";
				PRODUCT_NAME = "$(TARGET_NAME)";
				SWIFT_VERSION = 5.0;
				TARGETED_DEVICE_FAMILY = "1,2";
				TEST_HOST = "$(BUILT_PRODUCTS_DIR)/FourSquare-Map_Project.app/FourSquare-Map_Project";
			};
			name = Release;
		};
/* End XCBuildConfiguration section */

/* Begin XCConfigurationList section */
		857926942370AF0B0063332D /* Build configuration list for PBXProject "FourSquare-Map_Project" */ = {
			isa = XCConfigurationList;
			buildConfigurations = (
				857926B62370AF110063332D /* Debug */,
				857926B72370AF110063332D /* Release */,
			);
			defaultConfigurationIsVisible = 0;
			defaultConfigurationName = Release;
		};
		857926B82370AF110063332D /* Build configuration list for PBXNativeTarget "FourSquare-Map_Project" */ = {
			isa = XCConfigurationList;
			buildConfigurations = (
				857926B92370AF110063332D /* Debug */,
				857926BA2370AF110063332D /* Release */,
			);
			defaultConfigurationIsVisible = 0;
			defaultConfigurationName = Release;
		};
		857926BB2370AF110063332D /* Build configuration list for PBXNativeTarget "FourSquare-Map_ProjectTests" */ = {
			isa = XCConfigurationList;
			buildConfigurations = (
				857926BC2370AF110063332D /* Debug */,
				857926BD2370AF110063332D /* Release */,
			);
			defaultConfigurationIsVisible = 0;
			defaultConfigurationName = Release;
		};
/* End XCConfigurationList section */
	};
	rootObject = 857926912370AF0B0063332D /* Project object */;
}
